
Microsoft Visual Studio Solution File, Format Version 12.00
# Visual Studio Version 17
VisualStudioVersion = 17.7.34031.279
MinimumVisualStudioVersion = 10.0.40219.1
Project("{9A19103F-16F7-4668-BE54-9A1E7A4F7556}") = "Basic.RabbitMQ", "src\Basic.RabbitMQ\Basic.RabbitMQ.csproj", "{75C7583C-6553-4E67-9A85-9BA13E01AB96}"
EndProject
Project("{9A19103F-16F7-4668-BE54-9A1E7A4F7556}") = "Basic.RabbitMQ.Consumer.Sample", "src\Basic.RabbitMQ.Sample\Basic.RabbitMQ.Consumer.Sample.csproj", "{3C619A19-2ACB-4C45-86BF-5A351B94DC59}"
EndProject
Project("{9A19103F-16F7-4668-BE54-9A1E7A4F7556}") = "Basic.RabbitMQ.Producer.Sample.Api", "src\Basic.RabbitMQ.Sample.Api\Basic.RabbitMQ.Producer.Sample.Api.csproj", "{9B2A9EE6-DD3D-4348-A27F-7EEE95F43762}"
EndProject
Global
	GlobalSection(SolutionConfigurationPlatforms) = preSolution
		Debug|Any CPU = Debug|Any CPU
		Release|Any CPU = Release|Any CPU
	EndGlobalSection
	GlobalSection(ProjectConfigurationPlatforms) = postSolution
		{75C7583C-6553-4E67-9A85-9BA13E01AB96}.Debug|Any CPU.ActiveCfg = Debug|Any CPU
		{75C7583C-6553-4E67-9A85-9BA13E01AB96}.Debug|Any CPU.Build.0 = Debug|Any CPU
		{75C7583C-6553-4E67-9A85-9BA13E01AB96}.Release|Any CPU.ActiveCfg = Release|Any CPU
		{75C7583C-6553-4E67-9A85-9BA13E01AB96}.Release|Any CPU.Build.0 = Release|Any CPU
		{3C619A19-2ACB-4C45-86BF-5A351B94DC59}.Debug|Any CPU.ActiveCfg = Debug|Any CPU
		{3C619A19-2ACB-4C45-86BF-5A351B94DC59}.Debug|Any CPU.Build.0 = Debug|Any CPU
		{3C619A19-2ACB-4C45-86BF-5A351B94DC59}.Release|Any CPU.ActiveCfg = Release|Any CPU
		{9B2A9EE6-DD3D-4348-A27F-7EEE95F43762}.Debug|Any CPU.ActiveCfg = Debug|Any CPU
		{9B2A9EE6-DD3D-4348-A27F-7EEE95F43762}.Debug|Any CPU.Build.0 = Debug|Any CPU
		{9B2A9EE6-DD3D-4348-A27F-7EEE95F43762}.Release|Any CPU.ActiveCfg = Release|Any CPU
	EndGlobalSection
	GlobalSection(SolutionProperties) = preSolution
		HideSolutionNode = FALSE
	EndGlobalSection
	GlobalSection(ExtensibilityGlobals) = postSolution
		SolutionGuid = {3716EC2F-04E4-4C13-AFF8-1B4CB6772C6F}
	EndGlobalSection
EndGlobal
